
Microsoft Visual Studio Solution File, Format Version 12.00
Project("{FAE04EC0-301F-11D3-BF4B-00C04F79EFBC}") = "VirtualWallet.Domain", "VirtualWallet.Domain\VirtualWallet.Domain.csproj", "{975D0B0F-1888-4977-B62A-6EEA7DB83A4C}"
EndProject
Project("{FAE04EC0-301F-11D3-BF4B-00C04F79EFBC}") = "VirtualWallet.Test", "VirtualWallet.Test\VirtualWallet.Test.csproj", "{9069D65F-E572-46A5-90BE-A39CA40F5494}"
EndProject
Global
	GlobalSection(SolutionConfigurationPlatforms) = preSolution
		Debug|Any CPU = Debug|Any CPU
		Release|Any CPU = Release|Any CPU
	EndGlobalSection
	GlobalSection(ProjectConfigurationPlatforms) = postSolution
		{975D0B0F-1888-4977-B62A-6EEA7DB83A4C}.Debug|Any CPU.ActiveCfg = Debug|Any CPU
		{975D0B0F-1888-4977-B62A-6EEA7DB83A4C}.Debug|Any CPU.Build.0 = Debug|Any CPU
		{975D0B0F-1888-4977-B62A-6EEA7DB83A4C}.Release|Any CPU.ActiveCfg = Release|Any CPU
		{975D0B0F-1888-4977-B62A-6EEA7DB83A4C}.Release|Any CPU.Build.0 = Release|Any CPU
		{9069D65F-E572-46A5-90BE-A39CA40F5494}.Debug|Any CPU.ActiveCfg = Debug|Any CPU
		{9069D65F-E572-46A5-90BE-A39CA40F5494}.Debug|Any CPU.Build.0 = Debug|Any CPU
		{9069D65F-E572-46A5-90BE-A39CA40F5494}.Release|Any CPU.ActiveCfg = Release|Any CPU
		{9069D65F-E572-46A5-90BE-A39CA40F5494}.Release|Any CPU.Build.0 = Release|Any CPU
	EndGlobalSection
EndGlobal
